
Microsoft Visual Studio Solution File, Format Version 12.00
# Visual Studio Version 16
VisualStudioVersion = 16.0.31605.320
MinimumVisualStudioVersion = 10.0.40219.1
Project("{FAE04EC0-301F-11D3-BF4B-00C04F79EFBC}") = "TestTask.Api", "TestTask.Api\TestTask.Api.csproj", "{88DC29DB-8D61-49FA-9BEA-DCD2A4BAA5F9}"
EndProject
Project("{FAE04EC0-301F-11D3-BF4B-00C04F79EFBC}") = "TestTask.Models", "TestTask.Models\TestTask.Models.csproj", "{F79E6828-7AE9-4AAB-AA73-00EF83C267B3}"
EndProject
Global
	GlobalSection(SolutionConfigurationPlatforms) = preSolution
		Debug|Any CPU = Debug|Any CPU
		Release|Any CPU = Release|Any CPU
	EndGlobalSection
	GlobalSection(ProjectConfigurationPlatforms) = postSolution
		{88DC29DB-8D61-49FA-9BEA-DCD2A4BAA5F9}.Debug|Any CPU.ActiveCfg = Debug|Any CPU
		{88DC29DB-8D61-49FA-9BEA-DCD2A4BAA5F9}.Debug|Any CPU.Build.0 = Debug|Any CPU
		{88DC29DB-8D61-49FA-9BEA-DCD2A4BAA5F9}.Release|Any CPU.ActiveCfg = Release|Any CPU
		{88DC29DB-8D61-49FA-9BEA-DCD2A4BAA5F9}.Release|Any CPU.Build.0 = Release|Any CPU
		{F79E6828-7AE9-4AAB-AA73-00EF83C267B3}.Debug|Any CPU.ActiveCfg = Debug|Any CPU
		{F79E6828-7AE9-4AAB-AA73-00EF83C267B3}.Debug|Any CPU.Build.0 = Debug|Any CPU
		{F79E6828-7AE9-4AAB-AA73-00EF83C267B3}.Release|Any CPU.ActiveCfg = Release|Any CPU
		{F79E6828-7AE9-4AAB-AA73-00EF83C267B3}.Release|Any CPU.Build.0 = Release|Any CPU
	EndGlobalSection
	GlobalSection(SolutionProperties) = preSolution
		HideSolutionNode = FALSE
	EndGlobalSection
	GlobalSection(ExtensibilityGlobals) = postSolution
		SolutionGuid = {5779EE3C-9D95-4044-9CF1-10A6ADF68D54}
	EndGlobalSection
EndGlobal
